
Microsoft Visual Studio Solution File, Format Version 12.00
# Visual Studio Version 17
VisualStudioVersion = 17.5.002.0
MinimumVisualStudioVersion = 10.0.40219.1
Project("{9A19103F-16F7-4668-BE54-9A1E7A4F7556}") = "ex04", "ex04.csproj", "{D179C7A2-26B9-4066-80D3-D8FDBE0CBD22}"
EndProject
Global
	GlobalSection(SolutionConfigurationPlatforms) = preSolution
		Debug|Any CPU = Debug|Any CPU
		Release|Any CPU = Release|Any CPU
	EndGlobalSection
	GlobalSection(ProjectConfigurationPlatforms) = postSolution
		{D179C7A2-26B9-4066-80D3-D8FDBE0CBD22}.Debug|Any CPU.ActiveCfg = Debug|Any CPU
		{D179C7A2-26B9-4066-80D3-D8FDBE0CBD22}.Debug|Any CPU.Build.0 = Debug|Any CPU
		{D179C7A2-26B9-4066-80D3-D8FDBE0CBD22}.Release|Any CPU.ActiveCfg = Release|Any CPU
		{D179C7A2-26B9-4066-80D3-D8FDBE0CBD22}.Release|Any CPU.Build.0 = Release|Any CPU
	EndGlobalSection
	GlobalSection(SolutionProperties) = preSolution
		HideSolutionNode = FALSE
	EndGlobalSection
	GlobalSection(ExtensibilityGlobals) = postSolution
		SolutionGuid = {ED8C7479-3605-4D09-B707-27DE833F4089}
	EndGlobalSection
EndGlobal
