
Microsoft Visual Studio Solution File, Format Version 12.00
# Visual Studio Version 17
VisualStudioVersion = 17.5.002.0
MinimumVisualStudioVersion = 10.0.40219.1
Project("{9A19103F-16F7-4668-BE54-9A1E7A4F7556}") = "ex06", "ex06.csproj", "{6BEDAB34-D3A9-43B5-AC51-CBF7D6CFF4CA}"
EndProject
Global
	GlobalSection(SolutionConfigurationPlatforms) = preSolution
		Debug|Any CPU = Debug|Any CPU
		Release|Any CPU = Release|Any CPU
	EndGlobalSection
	GlobalSection(ProjectConfigurationPlatforms) = postSolution
		{6BEDAB34-D3A9-43B5-AC51-CBF7D6CFF4CA}.Debug|Any CPU.ActiveCfg = Debug|Any CPU
		{6BEDAB34-D3A9-43B5-AC51-CBF7D6CFF4CA}.Debug|Any CPU.Build.0 = Debug|Any CPU
		{6BEDAB34-D3A9-43B5-AC51-CBF7D6CFF4CA}.Release|Any CPU.ActiveCfg = Release|Any CPU
		{6BEDAB34-D3A9-43B5-AC51-CBF7D6CFF4CA}.Release|Any CPU.Build.0 = Release|Any CPU
	EndGlobalSection
	GlobalSection(SolutionProperties) = preSolution
		HideSolutionNode = FALSE
	EndGlobalSection
	GlobalSection(ExtensibilityGlobals) = postSolution
		SolutionGuid = {0AF6675C-C529-4F8E-99F9-C6DB23013E57}
	EndGlobalSection
EndGlobal
